Microsoft Visual Studio Solution File, Format Version 11.00
# Visual Studio 2008

Project("{F1645D9E-C8D2-B068-8B1D-F92A9165C1BA}") = "Snake_And_Ladder_v0.1", "Assembly-CSharp.csproj", "{2073D9A1-2236-1686-E450-70CDB433FEB9}"
EndProject
Global
	GlobalSection(SolutionConfigurationPlatforms) = preSolution
		Debug|Any CPU = Debug|Any CPU
		Release|Any CPU = Release|Any CPU
	EndGlobalSection
	GlobalSection(ProjectConfigurationPlatforms) = postSolution
		{2073D9A1-2236-1686-E450-70CDB433FEB9}.Debug|Any CPU.ActiveCfg = Debug|Any CPU
		{2073D9A1-2236-1686-E450-70CDB433FEB9}.Debug|Any CPU.Build.0 = Debug|Any CPU
		{2073D9A1-2236-1686-E450-70CDB433FEB9}.Release|Any CPU.ActiveCfg = Release|Any CPU
		{2073D9A1-2236-1686-E450-70CDB433FEB9}.Release|Any CPU.Build.0 = Release|Any CPU
	EndGlobalSection
	GlobalSection(SolutionProperties) = preSolution
		HideSolutionNode = FALSE
	EndGlobalSection
	GlobalSection(MonoDevelopProperties) = preSolution
		StartupItem = Assembly-CSharp.csproj
	EndGlobalSection
EndGlobal
